{
  "name": "grammar-music",
  "version": "1.0.0",
  "lockfileVersion": 2,
  "requires": true,
  "packages": {
    "": {
      "name": "grammar-music",
      "version": "1.0.0",
      "license": "ISC",
      "dependencies": {
        "jacob": "^1.0.5"
      }
    },
    "node_modules/jacob": {
      "version": "1.0.5",
      "resolved": "https://registry.npmjs.org/jacob/-/jacob-1.0.5.tgz",
      "integrity": "sha1-sNbOKnfwds7Y2YeSbqGBOaSGWe0=",
      "dependencies": {
        "junq": "^1.0.1",
        "minimist": "^1.1.0"
      },
      "bin": {
        "jacob": "cmd/cmd.js"
      }
    },
    "node_modules/junq": {
      "version": "1.0.2",
      "resolved": "https://registry.npmjs.org/junq/-/junq-1.0.2.tgz",
      "integrity": "sha1-ERz79dfkjz/C6G6+RsQDGaoSTeM="
    },
    "node_modules/minimist": {
      "version": "1.2.5",
      "resolved": "https://registry.npmjs.org/minimist/-/minimist-1.2.5.tgz",
      "integrity": "sha512-FM9nNUYrRBAELZQT3xeZQ7fmMOBg6nWNmJKTcgsJeaLstP/UODVpGsr5OhXhhXg6f+qtJ8uiZ+PUxkDWcgIXLw=="
    }
  },
  "dependencies": {
    "jacob": {
      "version": "1.0.5",
      "resolved": "https://registry.npmjs.org/jacob/-/jacob-1.0.5.tgz",
      "integrity": "sha1-sNbOKnfwds7Y2YeSbqGBOaSGWe0=",
      "requires": {
        "junq": "^1.0.1",
        "minimist": "^1.1.0"
      }
    },
    "junq": {
      "version": "1.0.2",
      "resolved": "https://registry.npmjs.org/junq/-/junq-1.0.2.tgz",
      "integrity": "sha1-ERz79dfkjz/C6G6+RsQDGaoSTeM="
    },
    "minimist": {
      "version": "1.2.5",
      "resolved": "https://registry.npmjs.org/minimist/-/minimist-1.2.5.tgz",
      "integrity": "sha512-FM9nNUYrRBAELZQT3xeZQ7fmMOBg6nWNmJKTcgsJeaLstP/UODVpGsr5OhXhhXg6f+qtJ8uiZ+PUxkDWcgIXLw=="
    }
  }
}
